
Microsoft Visual Studio Solution File, Format Version 12.00
# Visual Studio Version 16
VisualStudioVersion = 16.0.30320.27
MinimumVisualStudioVersion = 10.0.40219.1
Project("{FAE04EC0-301F-11D3-BF4B-00C04F79EFBC}") = "Yellow Foods", "Yellow Foods\Yellow Foods.csproj", "{163950CC-D38C-4009-A012-3CF890D93917}"
EndProject
Global
	GlobalSection(SolutionConfigurationPlatforms) = preSolution
		Debug|Any CPU = Debug|Any CPU
		Release|Any CPU = Release|Any CPU
	EndGlobalSection
	GlobalSection(ProjectConfigurationPlatforms) = postSolution
		{163950CC-D38C-4009-A012-3CF890D93917}.Debug|Any CPU.ActiveCfg = Debug|Any CPU
		{163950CC-D38C-4009-A012-3CF890D93917}.Debug|Any CPU.Build.0 = Debug|Any CPU
		{163950CC-D38C-4009-A012-3CF890D93917}.Release|Any CPU.ActiveCfg = Release|Any CPU
		{163950CC-D38C-4009-A012-3CF890D93917}.Release|Any CPU.Build.0 = Release|Any CPU
	EndGlobalSection
	GlobalSection(SolutionProperties) = preSolution
		HideSolutionNode = FALSE
	EndGlobalSection
	GlobalSection(ExtensibilityGlobals) = postSolution
		SolutionGuid = {19593EAF-3671-4628-A669-64A13BBDE8D9}
	EndGlobalSection
EndGlobal
